// !$*UTF8*$!
{
	archiveVersion = 1;
	classes = {
	};
	objectVersion = 56;
	objects = {

/* Begin PBXBuildFile section */
		71DD806E2B2D866C00393F16 /* RealityKitContent in Frameworks */ = {isa = PBXBuildFile; productRef = 71DD806D2B2D866C00393F16 /* RealityKitContent */; };
		71DD80702B2D866C00393F16 /* invaderApp.swift in Sources */ = {isa = PBXBuildFile; fileRef = 71DD806F2B2D866C00393F16 /* invaderApp.swift */; };
		71DD80722B2D866C00393F16 /* ContentView.swift in Sources */ = {isa = PBXBuildFile; fileRef = 71DD80712B2D866C00393F16 /* ContentView.swift */; };
		71DD80742B2D866C00393F16 /* ImmersiveView.swift in Sources */ = {isa = PBXBuildFile; fileRef = 71DD80732B2D866C00393F16 /* ImmersiveView.swift */; };
		71DD80762B2D866C00393F16 /* ImageBasedLighting.skybox in Resources */ = {isa = PBXBuildFile; fileRef = 71DD80752B2D866C00393F16 /* ImageBasedLighting.skybox */; };
		71DD80782B2D867000393F16 /* Assets.xcassets in Resources */ = {isa = PBXBuildFile; fileRef = 71DD80772B2D867000393F16 /* Assets.xcassets */; };
		71DD807B2B2D867000393F16 /* Preview Assets.xcassets in Resources */ = {isa = PBXBuildFile; fileRef = 71DD807A2B2D867000393F16 /* Preview Assets.xcassets */; };
/* End PBXBuildFile section */

/* Begin PBXFileReference section */
		71DD80682B2D866C00393F16 /* invader.app */ = {isa = PBXFileReference; explicitFileType = wrapper.application; includeInIndex = 0; path = invader.app; sourceTree = BUILT_PRODUCTS_DIR; };
		71DD806C2B2D866C00393F16 /* RealityKitContent */ = {isa = PBXFileReference; lastKnownFileType = wrapper; path = RealityKitContent; sourceTree = "<group>"; };
		71DD806F2B2D866C00393F16 /* invaderApp.swift */ = {isa = PBXFileReference; lastKnownFileType = sourcecode.swift; path = invaderApp.swift; sourceTree = "<group>"; };
		71DD80712B2D866C00393F16 /* ContentView.swift */ = {isa = PBXFileReference; lastKnownFileType = sourcecode.swift; path = ContentView.swift; sourceTree = "<group>"; };
		71DD80732B2D866C00393F16 /* ImmersiveView.swift */ = {isa = PBXFileReference; lastKnownFileType = sourcecode.swift; path = ImmersiveView.swift; sourceTree = "<group>"; };
		71DD80752B2D866C00393F16 /* ImageBasedLighting.skybox */ = {isa = PBXFileReference; lastKnownFileType = file.skybox; path = ImageBasedLighting.skybox; sourceTree = "<group>"; };
		71DD80772B2D867000393F16 /* Assets.xcassets */ = {isa = PBXFileReference; lastKnownFileType = folder.assetcatalog; path = Assets.xcassets; sourceTree = "<group>"; };
		71DD807A2B2D867000393F16 /* Preview Assets.xcassets */ = {isa = PBXFileReference; lastKnownFileType = folder.assetcatalog; path = "Preview Assets.xcassets"; sourceTree = "<group>"; };
		71DD807C2B2D867000393F16 /* Info.plist */ = {isa = PBXFileReference; lastKnownFileType = text.plist.xml; path = Info.plist; sourceTree = "<group>"; };
/* End PBXFileReference section */

/* Begin PBXFrameworksBuildPhase section */
		71DD80652B2D866C00393F16 /* Frameworks */ = {
			isa = PBXFrameworksBuildPhase;
			buildActionMask = 2147483647;
			files = (
				71DD806E2B2D866C00393F16 /* RealityKitContent in Frameworks */,
			);
			runOnlyForDeploymentPostprocessing = 0;
		};
/* End PBXFrameworksBuildPhase section */

/* Begin PBXGroup section */
		71DD805F2B2D866C00393F16 = {
			isa = PBXGroup;
			children = (
				71DD806A2B2D866C00393F16 /* invader */,
				71DD806B2B2D866C00393F16 /* Packages */,
				71DD80692B2D866C00393F16 /* Products */,
			);
			sourceTree = "<group>";
		};
		71DD80692B2D866C00393F16 /* Products */ = {
			isa = PBXGroup;
			children = (
				71DD80682B2D866C00393F16 /* invader.app */,
			);
			name = Products;
			sourceTree = "<group>";
		};
		71DD806A2B2D866C00393F16 /* invader */ = {
			isa = PBXGroup;
			children = (
				71DD806F2B2D866C00393F16 /* invaderApp.swift */,
				71DD80712B2D866C00393F16 /* ContentView.swift */,
				71DD80732B2D866C00393F16 /* ImmersiveView.swift */,
				71DD80752B2D866C00393F16 /* ImageBasedLighting.skybox */,
				71DD80772B2D867000393F16 /* Assets.xcassets */,
				71DD807C2B2D867000393F16 /* Info.plist */,
				71DD80792B2D867000393F16 /* Preview Content */,
			);
			path = invader;
			sourceTree = "<group>";
		};
		71DD806B2B2D866C00393F16 /* Packages */ = {
			isa = PBXGroup;
			children = (
				71DD806C2B2D866C00393F16 /* RealityKitContent */,
			);
			path = Packages;
			sourceTree = "<group>";
		};
		71DD80792B2D867000393F16 /* Preview Content */ = {
			isa = PBXGroup;
			children = (
				71DD807A2B2D867000393F16 /* Preview Assets.xcassets */,
			);
			path = "Preview Content";
			sourceTree = "<group>";
		};
/* End PBXGroup section */

/* Begin PBXNativeTarget section */
		71DD80672B2D866C00393F16 /* invader */ = {
			isa = PBXNativeTarget;
			buildConfigurationList = 71DD807F2B2D867000393F16 /* Build configuration list for PBXNativeTarget "invader" */;
			buildPhases = (
				71DD80642B2D866C00393F16 /* Sources */,
				71DD80652B2D866C00393F16 /* Frameworks */,
				71DD80662B2D866C00393F16 /* Resources */,
			);
			buildRules = (
			);
			dependencies = (
			);
			name = invader;
			packageProductDependencies = (
				71DD806D2B2D866C00393F16 /* RealityKitContent */,
			);
			productName = invader;
			productReference = 71DD80682B2D866C00393F16 /* invader.app */;
			productType = "com.apple.product-type.application";
		};
/* End PBXNativeTarget section */

/* Begin PBXProject section */
		71DD80602B2D866C00393F16 /* Project object */ = {
			isa = PBXProject;
			attributes = {
				BuildIndependentTargetsInParallel = 1;
				LastSwiftUpdateCheck = 1510;
				LastUpgradeCheck = 1510;
				TargetAttributes = {
					71DD80672B2D866C00393F16 = {
						CreatedOnToolsVersion = 15.1;
					};
				};
			};
			buildConfigurationList = 71DD80632B2D866C00393F16 /* Build configuration list for PBXProject "invader" */;
			compatibilityVersion = "Xcode 14.0";
			developmentRegion = en;
			hasScannedForEncodings = 0;
			knownRegions = (
				en,
				Base,
			);
			mainGroup = 71DD805F2B2D866C00393F16;
			productRefGroup = 71DD80692B2D866C00393F16 /* Products */;
			projectDirPath = "";
			projectRoot = "";
			targets = (
				71DD80672B2D866C00393F16 /* invader */,
			);
		};
/* End PBXProject section */

/* Begin PBXResourcesBuildPhase section */
		71DD80662B2D866C00393F16 /* Resources */ = {
			isa = PBXResourcesBuildPhase;
			buildActionMask = 2147483647;
			files = (
				71DD80782B2D867000393F16 /* Assets.xcassets in Resources */,
				71DD807B2B2D867000393F16 /* Preview Assets.xcassets in Resources */,
				71DD80762B2D866C00393F16 /* ImageBasedLighting.skybox in Resources */,
			);
			runOnlyForDeploymentPostprocessing = 0;
		};
/* End PBXResourcesBuildPhase section */

/* Begin PBXSourcesBuildPhase section */
		71DD80642B2D866C00393F16 /* Sources */ = {
			isa = PBXSourcesBuildPhase;
			buildActionMask = 2147483647;
			files = (
				71DD80722B2D866C00393F16 /* ContentView.swift in Sources */,
				71DD80702B2D866C00393F16 /* invaderApp.swift in Sources */,
				71DD80742B2D866C00393F16 /* ImmersiveView.swift in Sources */,
			);
			runOnlyForDeploymentPostprocessing = 0;
		};
/* End PBXSourcesBuildPhase section */

/* Begin XCBuildConfiguration section */
		71DD807D2B2D867000393F16 /* Debug */ = {
			isa = XCBuildConfiguration;
			buildSettings = {
				ALWAYS_SEARCH_USER_PATHS = NO;
				ASSETCATALOG_COMPILER_GENERATE_SWIFT_ASSET_SYMBOL_EXTENSIONS = YES;
				CLANG_ANALYZER_NONNULL = YES;
				CLANG_ANALYZER_NUMBER_OBJECT_CONVERSION = YES_AGGRESSIVE;
				CLANG_CXX_LANGUAGE_STANDARD = "gnu++20";
				CLANG_ENABLE_MODULES = YES;
				CLANG_ENABLE_OBJC_ARC = YES;
				CLANG_ENABLE_OBJC_WEAK = YES;
				CLANG_WARN_BLOCK_CAPTURE_AUTORELEASING = YES;
				CLANG_WARN_BOOL_CONVERSION = YES;
				CLANG_WARN_COMMA = YES;
				CLANG_WARN_CONSTANT_CONVERSION = YES;
				CLANG_WARN_DEPRECATED_OBJC_IMPLEMENTATIONS = YES;
				CLANG_WARN_DIRECT_OBJC_ISA_USAGE = YES_ERROR;
				CLANG_WARN_DOCUMENTATION_COMMENTS = YES;
				CLANG_WARN_EMPTY_BODY = YES;
				CLANG_WARN_ENUM_CONVERSION = YES;
				CLANG_WARN_INFINITE_RECURSION = YES;
				CLANG_WARN_INT_CONVERSION = YES;
				CLANG_WARN_NON_LITERAL_NULL_CONVERSION = YES;
				CLANG_WARN_OBJC_IMPLICIT_RETAIN_SELF = YES;
				CLANG_WARN_OBJC_LITERAL_CONVERSION = YES;
				CLANG_WARN_OBJC_ROOT_CLASS = YES_ERROR;
				CLANG_WARN_QUOTED_INCLUDE_IN_FRAMEWORK_HEADER = YES;
				CLANG_WARN_RANGE_LOOP_ANALYSIS = YES;
				CLANG_WARN_STRICT_PROTOTYPES = YES;
				CLANG_WARN_SUSPICIOUS_MOVE = YES;
				CLANG_WARN_UNGUARDED_AVAILABILITY = YES_AGGRESSIVE;
				CLANG_WARN_UNREACHABLE_CODE = YES;
				CLANG_WARN__DUPLICATE_METHOD_MATCH = YES;
				COPY_PHASE_STRIP = NO;
				DEBUG_INFORMATION_FORMAT = dwarf;
				ENABLE_STRICT_OBJC_MSGSEND = YES;
				ENABLE_TESTABILITY = YES;
				ENABLE_USER_SCRIPT_SANDBOXING = YES;
				GCC_C_LANGUAGE_STANDARD = gnu17;
				GCC_DYNAMIC_NO_PIC = NO;
				GCC_NO_COMMON_BLOCKS = YES;
				GCC_OPTIMIZATION_LEVEL = 0;
				GCC_PREPROCESSOR_DEFINITIONS = (
					"DEBUG=1",
					"$(inherited)",
				);
				GCC_WARN_64_TO_32_BIT_CONVERSION = YES;
				GCC_WARN_ABOUT_RETURN_TYPE = YES_ERROR;
				GCC_WARN_UNDECLARED_SELECTOR = YES;
				GCC_WARN_UNINITIALIZED_AUTOS = YES_AGGRESSIVE;
				GCC_WARN_UNUSED_FUNCTION = YES;
				GCC_WARN_UNUSED_VARIABLE = YES;
				LOCALIZATION_PREFERS_STRING_CATALOGS = YES;
				MTL_ENABLE_DEBUG_INFO = INCLUDE_SOURCE;
				MTL_FAST_MATH = YES;
				ONLY_ACTIVE_ARCH = YES;
				SDKROOT = xros;
				SWIFT_ACTIVE_COMPILATION_CONDITIONS = "DEBUG $(inherited)";
				SWIFT_OPTIMIZATION_LEVEL = "-Onone";
				XROS_DEPLOYMENT_TARGET = 1.0;
			};
			name = Debug;
		};
		71DD807E2B2D867000393F16 /* Release */ = {
			isa = XCBuildConfiguration;
			buildSettings = {
				ALWAYS_SEARCH_USER_PATHS = NO;
				ASSETCATALOG_COMPILER_GENERATE_SWIFT_ASSET_SYMBOL_EXTENSIONS = YES;
				CLANG_ANALYZER_NONNULL = YES;
				CLANG_ANALYZER_NUMBER_OBJECT_CONVERSION = YES_AGGRESSIVE;
				CLANG_CXX_LANGUAGE_STANDARD = "gnu++20";
				CLANG_ENABLE_MODULES = YES;
				CLANG_ENABLE_OBJC_ARC = YES;
				CLANG_ENABLE_OBJC_WEAK = YES;
				CLANG_WARN_BLOCK_CAPTURE_AUTORELEASING = YES;
				CLANG_WARN_BOOL_CONVERSION = YES;
				CLANG_WARN_COMMA = YES;
				CLANG_WARN_CONSTANT_CONVERSION = YES;
				CLANG_WARN_DEPRECATED_OBJC_IMPLEMENTATIONS = YES;
				CLANG_WARN_DIRECT_OBJC_ISA_USAGE = YES_ERROR;
				CLANG_WARN_DOCUMENTATION_COMMENTS = YES;
				CLANG_WARN_EMPTY_BODY = YES;
				CLANG_WARN_ENUM_CONVERSION = YES;
				CLANG_WARN_INFINITE_RECURSION = YES;
				CLANG_WARN_INT_CONVERSION = YES;
				CLANG_WARN_NON_LITERAL_NULL_CONVERSION = YES;
				CLANG_WARN_OBJC_IMPLICIT_RETAIN_SELF = YES;
				CLANG_WARN_OBJC_LITERAL_CONVERSION = YES;
				CLANG_WARN_OBJC_ROOT_CLASS = YES_ERROR;
				CLANG_WARN_QUOTED_INCLUDE_IN_FRAMEWORK_HEADER = YES;
				CLANG_WARN_RANGE_LOOP_ANALYSIS = YES;
				CLANG_WARN_STRICT_PROTOTYPES = YES;
				CLANG_WARN_SUSPICIOUS_MOVE = YES;
				CLANG_WARN_UNGUARDED_AVAILABILITY = YES_AGGRESSIVE;
				CLANG_WARN_UNREACHABLE_CODE = YES;
				CLANG_WARN__DUPLICATE_METHOD_MATCH = YES;
				COPY_PHASE_STRIP = NO;
				DEBUG_INFORMATION_FORMAT = "dwarf-with-dsym";
				ENABLE_NS_ASSERTIONS = NO;
				ENABLE_STRICT_OBJC_MSGSEND = YES;
				ENABLE_USER_SCRIPT_SANDBOXING = YES;
				GCC_C_LANGUAGE_STANDARD = gnu17;
				GCC_NO_COMMON_BLOCKS = YES;
				GCC_WARN_64_TO_32_BIT_CONVERSION = YES;
				GCC_WARN_ABOUT_RETURN_TYPE = YES_ERROR;
				GCC_WARN_UNDECLARED_SELECTOR = YES;
				GCC_WARN_UNINITIALIZED_AUTOS = YES_AGGRESSIVE;
				GCC_WARN_UNUSED_FUNCTION = YES;
				GCC_WARN_UNUSED_VARIABLE = YES;
				LOCALIZATION_PREFERS_STRING_CATALOGS = YES;
				MTL_ENABLE_DEBUG_INFO = NO;
				MTL_FAST_MATH = YES;
				SDKROOT = xros;
				SWIFT_COMPILATION_MODE = wholemodule;
				VALIDATE_PRODUCT = YES;
				XROS_DEPLOYMENT_TARGET = 1.0;
			};
			name = Release;
		};
		71DD80802B2D867000393F16 /* Debug */ = {
			isa = XCBuildConfiguration;
			buildSettings = {
				ASSETCATALOG_COMPILER_APPICON_NAME = AppIcon;
				ASSETCATALOG_COMPILER_GLOBAL_ACCENT_COLOR_NAME = AccentColor;
				CODE_SIGN_STYLE = Automatic;
				CURRENT_PROJECT_VERSION = 1;
				DEVELOPMENT_ASSET_PATHS = "\"invader/Preview Content\"";
				DEVELOPMENT_TEAM = YQQ7BB8WF7;
				ENABLE_PREVIEWS = YES;
				GENERATE_INFOPLIST_FILE = YES;
				INFOPLIST_FILE = "$(TARGET_NAME)/Info.plist";
				LD_RUNPATH_SEARCH_PATHS = (
					"$(inherited)",
					"@executable_path/Frameworks",
				);
				MARKETING_VERSION = 1.0;
				PRODUCT_BUNDLE_IDENTIFIER = com.muchimuchi.invader;
				PRODUCT_NAME = "$(TARGET_NAME)";
				SUPPORTED_PLATFORMS = "xros xrsimulator";
				SWIFT_EMIT_LOC_STRINGS = YES;
				SWIFT_VERSION = 5.0;
				TARGETED_DEVICE_FAMILY = "1,2,7";
			};
			name = Debug;
		};
		71DD80812B2D867000393F16 /* Release */ = {
			isa = XCBuildConfiguration;
			buildSettings = {
				ASSETCATALOG_COMPILER_APPICON_NAME = AppIcon;
				ASSETCATALOG_COMPILER_GLOBAL_ACCENT_COLOR_NAME = AccentColor;
				CODE_SIGN_STYLE = Automatic;
				CURRENT_PROJECT_VERSION = 1;
				DEVELOPMENT_ASSET_PATHS = "\"invader/Preview Content\"";
				DEVELOPMENT_TEAM = YQQ7BB8WF7;
				ENABLE_PREVIEWS = YES;
				GENERATE_INFOPLIST_FILE = YES;
				INFOPLIST_FILE = "$(TARGET_NAME)/Info.plist";
				LD_RUNPATH_SEARCH_PATHS = (
					"$(inherited)",
					"@executable_path/Frameworks",
				);
				MARKETING_VERSION = 1.0;
				PRODUCT_BUNDLE_IDENTIFIER = com.muchimuchi.invader;
				PRODUCT_NAME = "$(TARGET_NAME)";
				SUPPORTED_PLATFORMS = "xros xrsimulator";
				SWIFT_EMIT_LOC_STRINGS = YES;
				SWIFT_VERSION = 5.0;
				TARGETED_DEVICE_FAMILY = "1,2,7";
			};
			name = Release;
		};
/* End XCBuildConfiguration section */

/* Begin XCConfigurationList section */
		71DD80632B2D866C00393F16 /* Build configuration list for PBXProject "invader" */ = {
			isa = XCConfigurationList;
			buildConfigurations = (
				71DD807D2B2D867000393F16 /* Debug */,
				71DD807E2B2D867000393F16 /* Release */,
			);
			defaultConfigurationIsVisible = 0;
			defaultConfigurationName = Release;
		};
		71DD807F2B2D867000393F16 /* Build configuration list for PBXNativeTarget "invader" */ = {
			isa = XCConfigurationList;
			buildConfigurations = (
				71DD80802B2D867000393F16 /* Debug */,
				71DD80812B2D867000393F16 /* Release */,
			);
			defaultConfigurationIsVisible = 0;
			defaultConfigurationName = Release;
		};
/* End XCConfigurationList section */

/* Begin XCSwiftPackageProductDependency section */
		71DD806D2B2D866C00393F16 /* RealityKitContent */ = {
			isa = XCSwiftPackageProductDependency;
			productName = RealityKitContent;
		};
/* End XCSwiftPackageProductDependency section */
	};
	rootObject = 71DD80602B2D866C00393F16 /* Project object */;
}
